
Microsoft Visual Studio Solution File, Format Version 12.00
# Visual Studio 15
VisualStudioVersion = 15.0.27703.2042
MinimumVisualStudioVersion = 10.0.40219.1
Project("{FAE04EC0-301F-11D3-BF4B-00C04F79EFBC}") = "MyComicStore", "MyComicStore\MyComicStore.csproj", "{0539B7CB-8A4A-47D6-963C-C91010D8EB01}"
EndProject
Global
	GlobalSection(SolutionConfigurationPlatforms) = preSolution
		Debug|Any CPU = Debug|Any CPU
		Release|Any CPU = Release|Any CPU
	EndGlobalSection
	GlobalSection(ProjectConfigurationPlatforms) = postSolution
		{0539B7CB-8A4A-47D6-963C-C91010D8EB01}.Debug|Any CPU.ActiveCfg = Debug|Any CPU
		{0539B7CB-8A4A-47D6-963C-C91010D8EB01}.Debug|Any CPU.Build.0 = Debug|Any CPU
		{0539B7CB-8A4A-47D6-963C-C91010D8EB01}.Release|Any CPU.ActiveCfg = Release|Any CPU
		{0539B7CB-8A4A-47D6-963C-C91010D8EB01}.Release|Any CPU.Build.0 = Release|Any CPU
	EndGlobalSection
	GlobalSection(SolutionProperties) = preSolution
		HideSolutionNode = FALSE
	EndGlobalSection
	GlobalSection(ExtensibilityGlobals) = postSolution
		SolutionGuid = {A6BD830A-E74C-438F-A489-D050A76D0AB9}
	EndGlobalSection
EndGlobal
